
Microsoft Visual Studio Solution File, Format Version 12.00
# Visual Studio 2015
Project("{FAE04EC0-301F-11D3-BF4B-00C04F79EFBC}") = "ShootyMcplatform.CSharp", "ShootyMcplatform.CSharp.csproj", "{056AE725-E6AD-B009-E945-C499E2603917}"
EndProject
Project("{FAE04EC0-301F-11D3-BF4B-00C04F79EFBC}") = "ShootyMcplatform.CSharp.Editor", "ShootyMcplatform.CSharp.Editor.csproj", "{B6344DF4-C7E8-B9D7-849B-16FCBC594992}"
EndProject
Global
	GlobalSection(SolutionConfigurationPlatforms) = preSolution
		Debug|Any CPU = Debug|Any CPU
		Release|Any CPU = Release|Any CPU
	EndGlobalSection
	GlobalSection(ProjectConfigurationPlatforms) = postSolution
		{056AE725-E6AD-B009-E945-C499E2603917}.Debug|Any CPU.ActiveCfg = Debug|Any CPU
		{056AE725-E6AD-B009-E945-C499E2603917}.Debug|Any CPU.Build.0 = Debug|Any CPU
		{056AE725-E6AD-B009-E945-C499E2603917}.Release|Any CPU.ActiveCfg = Release|Any CPU
		{056AE725-E6AD-B009-E945-C499E2603917}.Release|Any CPU.Build.0 = Release|Any CPU
		{B6344DF4-C7E8-B9D7-849B-16FCBC594992}.Debug|Any CPU.ActiveCfg = Debug|Any CPU
		{B6344DF4-C7E8-B9D7-849B-16FCBC594992}.Debug|Any CPU.Build.0 = Debug|Any CPU
		{B6344DF4-C7E8-B9D7-849B-16FCBC594992}.Release|Any CPU.ActiveCfg = Release|Any CPU
		{B6344DF4-C7E8-B9D7-849B-16FCBC594992}.Release|Any CPU.Build.0 = Release|Any CPU
	EndGlobalSection
	GlobalSection(SolutionProperties) = preSolution
		HideSolutionNode = FALSE
	EndGlobalSection
EndGlobal
